# This file was autogenerated by Stack.
# You should not edit this file by hand.
# For more information, please see the documentation at:
#   https://docs.haskellstack.org/en/stable/topics/lock_files

packages:
- completed:
    hackage: brick-1.10@sha256:7124c530e06596745e533853b294195e5f618e69ac884e550a4a3c1a50efe01d,17775
    pantry-tree:
      sha256: fb9ba6ac17e4bf3400124f9b49adb394ff56e94baa0e6512b8f8f7939400e768
      size: 4671
  original:
    hackage: brick-1.10@sha256:7124c530e06596745e533853b294195e5f618e69ac884e550a4a3c1a50efe01d,17775
- completed:
    hackage: vty-5.39@sha256:ae5d64a9aaebd6a62433ee69450710a9e7700b646542a542cc75a4fad81c3f60,6271
    pantry-tree:
      sha256: 9424c10ee6c288e17734308375ecd27e61a385f8ebc4c19d723fc69bf7272acd
      size: 3614
  original:
    hackage: vty-5.39@sha256:ae5d64a9aaebd6a62433ee69450710a9e7700b646542a542cc75a4fad81c3f60,6271
snapshots:
- completed:
    sha256: 238fa745b64f91184f9aa518fe04bdde6552533d169b0da5256670df83a0f1a9
    size: 721141
    url: https://raw.githubusercontent.com/commercialhaskell/stackage-snapshots/master/lts/22/44.yaml
  original:
    url: https://raw.githubusercontent.com/commercialhaskell/stackage-snapshots/master/lts/22/44.yaml
